
Microsoft Visual Studio Solution File, Format Version 12.00
# Visual Studio Version 17
VisualStudioVersion = 17.13.36105.23
MinimumVisualStudioVersion = 10.0.40219.1
Project("{FAE04EC0-301F-11D3-BF4B-00C04F79EFBC}") = "MySelf.MSACommerce.UseCases.Common", "MySelf.MSACommerce.UseCases.Common\MySelf.MSACommerce.UseCases.Common.csproj", "{D4639B13-26F3-48D0-AA90-D0BEC4B8CF34}"
EndProject
Project("{FAE04EC0-301F-11D3-BF4B-00C04F79EFBC}") = "MySelf.MSACommerce.HttpApi.Common", "MySelf.MSACommerce.HttpApi.Common\MySelf.MSACommerce.HttpApi.Common.csproj", "{59D11662-5482-75F6-6591-B18A52850B68}"
EndProject
Project("{2150E333-8FDC-42A3-9474-1A3956D46DE8}") = "apps", "apps", "{02EA681E-C7D8-13C7-8484-4AC65E1B71E8}"
EndProject
Project("{2150E333-8FDC-42A3-9474-1A3956D46DE8}") = "gateways", "gateways", "{74001750-25EE-4547-AFC5-51176EE5BE26}"
EndProject
Project("{2150E333-8FDC-42A3-9474-1A3956D46DE8}") = "services", "services", "{369CB01D-A1A7-72D2-AABC-3F0945D148A2}"
EndProject
Project("{2150E333-8FDC-42A3-9474-1A3956D46DE8}") = "shared", "shared", "{7DC331D0-3EC4-40A6-69FB-1CBEB2E0D1EA}"
EndProject
Project("{FAE04EC0-301F-11D3-BF4B-00C04F79EFBC}") = "MySelf.MSACommerce.SharedKernel", "MySelf.MSACommerce.SharedKernel\MySelf.MSACommerce.SharedKernel.csproj", "{86C4BADC-83CF-4E4B-A9E8-F34BCDFCCC7C}"
EndProject
Project("{FAE04EC0-301F-11D3-BF4B-00C04F79EFBC}") = "MySelf.MSACommerce.Infrastructure.EntityFrameworkCore", "MySelf.MSACommerce.Infrastructure.EntityFrameworkCore\MySelf.MSACommerce.Infrastructure.EntityFrameworkCore.csproj", "{08AFF736-D0F0-4306-86D9-3F51CFECD0A7}"
EndProject
Project("{2150E333-8FDC-42A3-9474-1A3956D46DE8}") = "user", "user", "{8D8BBC46-62DE-437A-BFDD-C28C95CB3D26}"
EndProject
Project("{2150E333-8FDC-42A3-9474-1A3956D46DE8}") = "src", "src", "{3D180F82-A1FC-43DE-9BEE-ABF6FBAAF916}"
EndProject
Project("{FAE04EC0-301F-11D3-BF4B-00C04F79EFBC}") = "MySelf.MSACommerce.UserService.Core", "MySelf.MSACommerce.UserService.Core\MySelf.MSACommerce.UserService.Core.csproj", "{7FD2FC28-7B3E-49E9-724B-E399E376358E}"
EndProject
Project("{FAE04EC0-301F-11D3-BF4B-00C04F79EFBC}") = "MySelf.MSACommerce.UserService.HttpApi", "MySelf.MSACommerce.UserService.HttpApi\MySelf.MSACommerce.UserService.HttpApi.csproj", "{05B80B7B-6F0B-949C-7031-4297C301C7BD}"
EndProject
Project("{FAE04EC0-301F-11D3-BF4B-00C04F79EFBC}") = "MySelf.MSACommerce.UserService.Infrastructure", "MySelf.MSACommerce.UserService.Infrastructure\MySelf.MSACommerce.UserService.Infrastructure.csproj", "{4C8BDE15-F64C-91CD-BF54-1FF74D1DD06E}"
EndProject
Project("{FAE04EC0-301F-11D3-BF4B-00C04F79EFBC}") = "MySelf.MSACommerce.UserService.UseCases", "MySelf.MSACommerce.UserService.UseCases\MySelf.MSACommerce.UserService.UseCases.csproj", "{2281C076-5079-48D6-A109-89BCADBB34CF}"
EndProject
Project("{FAE04EC0-301F-11D3-BF4B-00C04F79EFBC}") = "MySelf.MSACommerce.AuthServer", "MySelf.MSACommerce.AuthServer\MySelf.MSACommerce.AuthServer.csproj", "{C4218B74-DEA2-425A-AA28-C0BFD4281C53}"
EndProject
Project("{FAE04EC0-301F-11D3-BF4B-00C04F79EFBC}") = "MySelf.MSACommerce.WebGateway", "MySelf.MSACommerce.WebGateway\MySelf.MSACommerce.WebGateway.csproj", "{735E44D0-A6A5-4CD9-9D9F-94EBDB4C2BA8}"
EndProject
Project("{2150E333-8FDC-42A3-9474-1A3956D46DE8}") = "pakages", "pakages", "{3D8640C7-BD2A-4CC5-8042-2266C4D06A16}"
EndProject
Project("{FAE04EC0-301F-11D3-BF4B-00C04F79EFBC}") = "MySelf.MSACommerce.Authentication.JwtBearer", "MySelf.MSACommerce.Authentication.JwtBearer\MySelf.MSACommerce.Authentication.JwtBearer.csproj", "{21EE85E3-B8E6-4CF5-8739-7ABDCAD09088}"
EndProject
Project("{FAE04EC0-301F-11D3-BF4B-00C04F79EFBC}") = "MySelf.MSACommerce.CommonServiceClient", "MySelf.MSACommerce.CommonServiceClient\MySelf.MSACommerce.CommonServiceClient.csproj", "{8048AD21-B785-4067-8DFB-D7124DA74194}"
EndProject
Project("{FAE04EC0-301F-11D3-BF4B-00C04F79EFBC}") = "MySelf.MSACommerce.Consul", "MySelf.MSACommerce.Consul\MySelf.MSACommerce.Consul.csproj", "{096D5125-AD6E-421D-83A6-A3E6A3672D46}"
EndProject
Global
	GlobalSection(SolutionConfigurationPlatforms) = preSolution
		Debug|Any CPU = Debug|Any CPU
		Release|Any CPU = Release|Any CPU
	EndGlobalSection
	GlobalSection(ProjectConfigurationPlatforms) = postSolution
		{D4639B13-26F3-48D0-AA90-D0BEC4B8CF34}.Debug|Any CPU.ActiveCfg = Debug|Any CPU
		{D4639B13-26F3-48D0-AA90-D0BEC4B8CF34}.Debug|Any CPU.Build.0 = Debug|Any CPU
		{D4639B13-26F3-48D0-AA90-D0BEC4B8CF34}.Release|Any CPU.ActiveCfg = Release|Any CPU
		{D4639B13-26F3-48D0-AA90-D0BEC4B8CF34}.Release|Any CPU.Build.0 = Release|Any CPU
		{59D11662-5482-75F6-6591-B18A52850B68}.Debug|Any CPU.ActiveCfg = Debug|Any CPU
		{59D11662-5482-75F6-6591-B18A52850B68}.Debug|Any CPU.Build.0 = Debug|Any CPU
		{59D11662-5482-75F6-6591-B18A52850B68}.Release|Any CPU.ActiveCfg = Release|Any CPU
		{59D11662-5482-75F6-6591-B18A52850B68}.Release|Any CPU.Build.0 = Release|Any CPU
		{86C4BADC-83CF-4E4B-A9E8-F34BCDFCCC7C}.Debug|Any CPU.ActiveCfg = Debug|Any CPU
		{86C4BADC-83CF-4E4B-A9E8-F34BCDFCCC7C}.Debug|Any CPU.Build.0 = Debug|Any CPU
		{86C4BADC-83CF-4E4B-A9E8-F34BCDFCCC7C}.Release|Any CPU.ActiveCfg = Release|Any CPU
		{86C4BADC-83CF-4E4B-A9E8-F34BCDFCCC7C}.Release|Any CPU.Build.0 = Release|Any CPU
		{08AFF736-D0F0-4306-86D9-3F51CFECD0A7}.Debug|Any CPU.ActiveCfg = Debug|Any CPU
		{08AFF736-D0F0-4306-86D9-3F51CFECD0A7}.Debug|Any CPU.Build.0 = Debug|Any CPU
		{08AFF736-D0F0-4306-86D9-3F51CFECD0A7}.Release|Any CPU.ActiveCfg = Release|Any CPU
		{08AFF736-D0F0-4306-86D9-3F51CFECD0A7}.Release|Any CPU.Build.0 = Release|Any CPU
		{7FD2FC28-7B3E-49E9-724B-E399E376358E}.Debug|Any CPU.ActiveCfg = Debug|Any CPU
		{7FD2FC28-7B3E-49E9-724B-E399E376358E}.Debug|Any CPU.Build.0 = Debug|Any CPU
		{7FD2FC28-7B3E-49E9-724B-E399E376358E}.Release|Any CPU.ActiveCfg = Release|Any CPU
		{7FD2FC28-7B3E-49E9-724B-E399E376358E}.Release|Any CPU.Build.0 = Release|Any CPU
		{05B80B7B-6F0B-949C-7031-4297C301C7BD}.Debug|Any CPU.ActiveCfg = Debug|Any CPU
		{05B80B7B-6F0B-949C-7031-4297C301C7BD}.Debug|Any CPU.Build.0 = Debug|Any CPU
		{05B80B7B-6F0B-949C-7031-4297C301C7BD}.Release|Any CPU.ActiveCfg = Release|Any CPU
		{05B80B7B-6F0B-949C-7031-4297C301C7BD}.Release|Any CPU.Build.0 = Release|Any CPU
		{4C8BDE15-F64C-91CD-BF54-1FF74D1DD06E}.Debug|Any CPU.ActiveCfg = Debug|Any CPU
		{4C8BDE15-F64C-91CD-BF54-1FF74D1DD06E}.Debug|Any CPU.Build.0 = Debug|Any CPU
		{4C8BDE15-F64C-91CD-BF54-1FF74D1DD06E}.Release|Any CPU.ActiveCfg = Release|Any CPU
		{4C8BDE15-F64C-91CD-BF54-1FF74D1DD06E}.Release|Any CPU.Build.0 = Release|Any CPU
		{2281C076-5079-48D6-A109-89BCADBB34CF}.Debug|Any CPU.ActiveCfg = Debug|Any CPU
		{2281C076-5079-48D6-A109-89BCADBB34CF}.Debug|Any CPU.Build.0 = Debug|Any CPU
		{2281C076-5079-48D6-A109-89BCADBB34CF}.Release|Any CPU.ActiveCfg = Release|Any CPU
		{2281C076-5079-48D6-A109-89BCADBB34CF}.Release|Any CPU.Build.0 = Release|Any CPU
		{C4218B74-DEA2-425A-AA28-C0BFD4281C53}.Debug|Any CPU.ActiveCfg = Debug|Any CPU
		{C4218B74-DEA2-425A-AA28-C0BFD4281C53}.Debug|Any CPU.Build.0 = Debug|Any CPU
		{C4218B74-DEA2-425A-AA28-C0BFD4281C53}.Release|Any CPU.ActiveCfg = Release|Any CPU
		{C4218B74-DEA2-425A-AA28-C0BFD4281C53}.Release|Any CPU.Build.0 = Release|Any CPU
		{735E44D0-A6A5-4CD9-9D9F-94EBDB4C2BA8}.Debug|Any CPU.ActiveCfg = Debug|Any CPU
		{735E44D0-A6A5-4CD9-9D9F-94EBDB4C2BA8}.Debug|Any CPU.Build.0 = Debug|Any CPU
		{735E44D0-A6A5-4CD9-9D9F-94EBDB4C2BA8}.Release|Any CPU.ActiveCfg = Release|Any CPU
		{735E44D0-A6A5-4CD9-9D9F-94EBDB4C2BA8}.Release|Any CPU.Build.0 = Release|Any CPU
		{21EE85E3-B8E6-4CF5-8739-7ABDCAD09088}.Debug|Any CPU.ActiveCfg = Debug|Any CPU
		{21EE85E3-B8E6-4CF5-8739-7ABDCAD09088}.Debug|Any CPU.Build.0 = Debug|Any CPU
		{21EE85E3-B8E6-4CF5-8739-7ABDCAD09088}.Release|Any CPU.ActiveCfg = Release|Any CPU
		{21EE85E3-B8E6-4CF5-8739-7ABDCAD09088}.Release|Any CPU.Build.0 = Release|Any CPU
		{8048AD21-B785-4067-8DFB-D7124DA74194}.Debug|Any CPU.ActiveCfg = Debug|Any CPU
		{8048AD21-B785-4067-8DFB-D7124DA74194}.Debug|Any CPU.Build.0 = Debug|Any CPU
		{8048AD21-B785-4067-8DFB-D7124DA74194}.Release|Any CPU.ActiveCfg = Release|Any CPU
		{8048AD21-B785-4067-8DFB-D7124DA74194}.Release|Any CPU.Build.0 = Release|Any CPU
		{096D5125-AD6E-421D-83A6-A3E6A3672D46}.Debug|Any CPU.ActiveCfg = Debug|Any CPU
		{096D5125-AD6E-421D-83A6-A3E6A3672D46}.Debug|Any CPU.Build.0 = Debug|Any CPU
		{096D5125-AD6E-421D-83A6-A3E6A3672D46}.Release|Any CPU.ActiveCfg = Release|Any CPU
		{096D5125-AD6E-421D-83A6-A3E6A3672D46}.Release|Any CPU.Build.0 = Release|Any CPU
	EndGlobalSection
	GlobalSection(SolutionProperties) = preSolution
		HideSolutionNode = FALSE
	EndGlobalSection
	GlobalSection(NestedProjects) = preSolution
		{D4639B13-26F3-48D0-AA90-D0BEC4B8CF34} = {7DC331D0-3EC4-40A6-69FB-1CBEB2E0D1EA}
		{59D11662-5482-75F6-6591-B18A52850B68} = {7DC331D0-3EC4-40A6-69FB-1CBEB2E0D1EA}
		{86C4BADC-83CF-4E4B-A9E8-F34BCDFCCC7C} = {7DC331D0-3EC4-40A6-69FB-1CBEB2E0D1EA}
		{08AFF736-D0F0-4306-86D9-3F51CFECD0A7} = {7DC331D0-3EC4-40A6-69FB-1CBEB2E0D1EA}
		{8D8BBC46-62DE-437A-BFDD-C28C95CB3D26} = {369CB01D-A1A7-72D2-AABC-3F0945D148A2}
		{3D180F82-A1FC-43DE-9BEE-ABF6FBAAF916} = {8D8BBC46-62DE-437A-BFDD-C28C95CB3D26}
		{7FD2FC28-7B3E-49E9-724B-E399E376358E} = {3D180F82-A1FC-43DE-9BEE-ABF6FBAAF916}
		{05B80B7B-6F0B-949C-7031-4297C301C7BD} = {3D180F82-A1FC-43DE-9BEE-ABF6FBAAF916}
		{4C8BDE15-F64C-91CD-BF54-1FF74D1DD06E} = {3D180F82-A1FC-43DE-9BEE-ABF6FBAAF916}
		{2281C076-5079-48D6-A109-89BCADBB34CF} = {3D180F82-A1FC-43DE-9BEE-ABF6FBAAF916}
		{C4218B74-DEA2-425A-AA28-C0BFD4281C53} = {02EA681E-C7D8-13C7-8484-4AC65E1B71E8}
		{735E44D0-A6A5-4CD9-9D9F-94EBDB4C2BA8} = {74001750-25EE-4547-AFC5-51176EE5BE26}
		{21EE85E3-B8E6-4CF5-8739-7ABDCAD09088} = {3D8640C7-BD2A-4CC5-8042-2266C4D06A16}
		{8048AD21-B785-4067-8DFB-D7124DA74194} = {3D8640C7-BD2A-4CC5-8042-2266C4D06A16}
		{096D5125-AD6E-421D-83A6-A3E6A3672D46} = {3D8640C7-BD2A-4CC5-8042-2266C4D06A16}
	EndGlobalSection
	GlobalSection(ExtensibilityGlobals) = postSolution
		SolutionGuid = {0DBAE141-CB67-41DA-B19D-A8B9A61A5FA9}
	EndGlobalSection
EndGlobal
