
Microsoft Visual Studio Solution File, Format Version 12.00
# Visual Studio Version 17
VisualStudioVersion = 17.13.36105.23
MinimumVisualStudioVersion = 10.0.40219.1
Project("{FAE04EC0-301F-11D3-BF4B-00C04F79EFBC}") = "MySelf.MSACommerce.UseCases.Common", "MySelf.MSACommerce.UseCases.Common\MySelf.MSACommerce.UseCases.Common.csproj", "{D4639B13-26F3-48D0-AA90-D0BEC4B8CF34}"
EndProject
Project("{FAE04EC0-301F-11D3-BF4B-00C04F79EFBC}") = "MySelf.MSACommerce.HttpApi.Common", "MySelf.MSACommerce.HttpApi.Common\MySelf.MSACommerce.HttpApi.Common.csproj", "{59D11662-5482-75F6-6591-B18A52850B68}"
EndProject
Project("{2150E333-8FDC-42A3-9474-1A3956D46DE8}") = "apps", "apps", "{02EA681E-C7D8-13C7-8484-4AC65E1B71E8}"
EndProject
Project("{2150E333-8FDC-42A3-9474-1A3956D46DE8}") = "gateways", "gateways", "{74001750-25EE-4547-AFC5-51176EE5BE26}"
EndProject
Project("{2150E333-8FDC-42A3-9474-1A3956D46DE8}") = "services", "services", "{369CB01D-A1A7-72D2-AABC-3F0945D148A2}"
EndProject
Project("{2150E333-8FDC-42A3-9474-1A3956D46DE8}") = "shared", "shared", "{7DC331D0-3EC4-40A6-69FB-1CBEB2E0D1EA}"
EndProject
Project("{FAE04EC0-301F-11D3-BF4B-00C04F79EFBC}") = "MySelf.MSACommerce.SharedKernel", "MySelf.MSACommerce.SharedKernel\MySelf.MSACommerce.SharedKernel.csproj", "{86C4BADC-83CF-4E4B-A9E8-F34BCDFCCC7C}"
EndProject
Project("{FAE04EC0-301F-11D3-BF4B-00C04F79EFBC}") = "MySelf.MSACommerce.Infrastructure.EntityFrameworkCore", "MySelf.MSACommerce.Infrastructure.EntityFrameworkCore\MySelf.MSACommerce.Infrastructure.EntityFrameworkCore.csproj", "{08AFF736-D0F0-4306-86D9-3F51CFECD0A7}"
EndProject
Project("{2150E333-8FDC-42A3-9474-1A3956D46DE8}") = "user", "user", "{8D8BBC46-62DE-437A-BFDD-C28C95CB3D26}"
EndProject
Project("{2150E333-8FDC-42A3-9474-1A3956D46DE8}") = "src", "src", "{3D180F82-A1FC-43DE-9BEE-ABF6FBAAF916}"
EndProject
Project("{FAE04EC0-301F-11D3-BF4B-00C04F79EFBC}") = "MySelf.MSACommerce.UserService.Core", "MySelf.MSACommerce.UserService.Core\MySelf.MSACommerce.UserService.Core.csproj", "{7FD2FC28-7B3E-49E9-724B-E399E376358E}"
EndProject
Project("{FAE04EC0-301F-11D3-BF4B-00C04F79EFBC}") = "MySelf.MSACommerce.UserService.HttpApi", "MySelf.MSACommerce.UserService.HttpApi\MySelf.MSACommerce.UserService.HttpApi.csproj", "{05B80B7B-6F0B-949C-7031-4297C301C7BD}"
EndProject
Project("{FAE04EC0-301F-11D3-BF4B-00C04F79EFBC}") = "MySelf.MSACommerce.UserService.Infrastructure", "MySelf.MSACommerce.UserService.Infrastructure\MySelf.MSACommerce.UserService.Infrastructure.csproj", "{4C8BDE15-F64C-91CD-BF54-1FF74D1DD06E}"
EndProject
Project("{FAE04EC0-301F-11D3-BF4B-00C04F79EFBC}") = "MySelf.MSACommerce.UserService.UseCases", "MySelf.MSACommerce.UserService.UseCases\MySelf.MSACommerce.UserService.UseCases.csproj", "{2281C076-5079-48D6-A109-89BCADBB34CF}"
EndProject
Project("{FAE04EC0-301F-11D3-BF4B-00C04F79EFBC}") = "MySelf.MSACommerce.AuthServer", "MySelf.MSACommerce.AuthServer\MySelf.MSACommerce.AuthServer.csproj", "{C4218B74-DEA2-425A-AA28-C0BFD4281C53}"
EndProject
Project("{FAE04EC0-301F-11D3-BF4B-00C04F79EFBC}") = "MySelf.MSACommerce.WebGateway", "MySelf.MSACommerce.WebGateway\MySelf.MSACommerce.WebGateway.csproj", "{735E44D0-A6A5-4CD9-9D9F-94EBDB4C2BA8}"
EndProject
Project("{2150E333-8FDC-42A3-9474-1A3956D46DE8}") = "pakages", "pakages", "{3D8640C7-BD2A-4CC5-8042-2266C4D06A16}"
EndProject
Project("{FAE04EC0-301F-11D3-BF4B-00C04F79EFBC}") = "MySelf.MSACommerce.Authentication.JwtBearer", "MySelf.MSACommerce.Authentication.JwtBearer\MySelf.MSACommerce.Authentication.JwtBearer.csproj", "{21EE85E3-B8E6-4CF5-8739-7ABDCAD09088}"
EndProject
Project("{FAE04EC0-301F-11D3-BF4B-00C04F79EFBC}") = "MySelf.MSACommerce.CommonServiceClient", "MySelf.MSACommerce.CommonServiceClient\MySelf.MSACommerce.CommonServiceClient.csproj", "{8048AD21-B785-4067-8DFB-D7124DA74194}"
EndProject
Project("{FAE04EC0-301F-11D3-BF4B-00C04F79EFBC}") = "MySelf.MSACommerce.Consul", "MySelf.MSACommerce.Consul\MySelf.MSACommerce.Consul.csproj", "{096D5125-AD6E-421D-83A6-A3E6A3672D46}"
EndProject
Project("{FAE04EC0-301F-11D3-BF4B-00C04F79EFBC}") = "MySelf.MSACommerce.Portal", "MySelf.MSACommerce.Portal\MySelf.MSACommerce.Portal.csproj", "{27BAAFF4-D45F-4FEF-9A92-3340F6EC4F57}"
EndProject
Project("{FAE04EC0-301F-11D3-BF4B-00C04F79EFBC}") = "MySelf.MSACommerce.VerificationServer", "MySelf.MSACommerce.VerificationServer\MySelf.MSACommerce.VerificationServer.csproj", "{17E83210-4149-48B0-A74D-BD0AB5A127DA}"
EndProject
Project("{2150E333-8FDC-42A3-9474-1A3956D46DE8}") = "category", "category", "{212B3625-2B32-4C3F-941A-E1440C95805E}"
EndProject
Project("{2150E333-8FDC-42A3-9474-1A3956D46DE8}") = "brand", "brand", "{CEF8CD2D-AA01-4716-8488-00A39B154029}"
EndProject
Project("{2150E333-8FDC-42A3-9474-1A3956D46DE8}") = "src", "src", "{A6B051C5-6BC2-46DC-A25F-64E3372654D6}"
EndProject
Project("{FAE04EC0-301F-11D3-BF4B-00C04F79EFBC}") = "MySelf.MSACommerce.CategoryService.Core", "MySelf.MSACommerce.CategoryService.Core\MySelf.MSACommerce.CategoryService.Core.csproj", "{22C1BCBB-5F63-48D6-8D1C-A93867104724}"
EndProject
Project("{FAE04EC0-301F-11D3-BF4B-00C04F79EFBC}") = "MySelf.MSACommerce.CategoryService.Infrastructure", "MySelf.MSACommerce.CategoryService.Infrastructure\MySelf.MSACommerce.CategoryService.Infrastructure.csproj", "{EF7242DD-8179-4344-9EEB-E588F68DE384}"
EndProject
Project("{FAE04EC0-301F-11D3-BF4B-00C04F79EFBC}") = "MySelf.MSACommerce.CategoryService.UseCases", "MySelf.MSACommerce.CategoryService.UseCases\MySelf.MSACommerce.CategoryService.UseCases.csproj", "{C87FFA77-DCE3-47E2-984A-B4695D8AC9EC}"
EndProject
Project("{FAE04EC0-301F-11D3-BF4B-00C04F79EFBC}") = "MySelf.MSACommerce.CategoryService.HttpApi", "MySelf.MSACommerce.CategoryService.HttpApi\MySelf.MSACommerce.CategoryService.HttpApi.csproj", "{88E2CCF9-8A18-469D-85D3-55FE096C77E7}"
EndProject
Project("{FAE04EC0-301F-11D3-BF4B-00C04F79EFBC}") = "MySelf.MSACommerce.Infrastructure.Common", "MySelf.MSACommerce.Infrastructure.Common\MySelf.MSACommerce.Infrastructure.Common.csproj", "{11CF72FB-074C-43CB-ABB4-3E0435808D01}"
EndProject
Project("{2150E333-8FDC-42A3-9474-1A3956D46DE8}") = "src", "src", "{7DDD2BBC-7853-4B23-AF56-91CB6D2CE0FF}"
EndProject
Project("{FAE04EC0-301F-11D3-BF4B-00C04F79EFBC}") = "MySelf.MSACommerce.BrandService.Core", "MySelf.MSACommerce.BrandService.Core\MySelf.MSACommerce.BrandService.Core.csproj", "{E952F739-A8F5-4501-B849-143661A5822D}"
EndProject
Project("{FAE04EC0-301F-11D3-BF4B-00C04F79EFBC}") = "MySelf.MSACommerce.BrandService.HttpApi", "MySelf.MSACommerce.BrandService.HttpApi\MySelf.MSACommerce.BrandService.HttpApi.csproj", "{F480104E-00D0-44BB-A3D8-D83657C4B915}"
EndProject
Project("{FAE04EC0-301F-11D3-BF4B-00C04F79EFBC}") = "MySelf.MSACommerce.BrandService.Infrastructure", "MySelf.MSACommerce.BrandService.Infrastructure\MySelf.MSACommerce.BrandService.Infrastructure.csproj", "{B722BC68-0F42-45AF-B09A-95C7FEDB25F5}"
EndProject
Project("{FAE04EC0-301F-11D3-BF4B-00C04F79EFBC}") = "MySelf.MSACommerce.BrandService.UseCases", "MySelf.MSACommerce.BrandService.UseCases\MySelf.MSACommerce.BrandService.UseCases.csproj", "{51701C3F-AC7F-4421-9ABC-4A157C332181}"
EndProject
Project("{2150E333-8FDC-42A3-9474-1A3956D46DE8}") = "product", "product", "{22D39FF0-4DED-4639-AD5C-8127831EFC9B}"
EndProject
Project("{2150E333-8FDC-42A3-9474-1A3956D46DE8}") = "src", "src", "{77ED7797-F093-4F03-835E-E09CCB8B9B5E}"
EndProject
Project("{FAE04EC0-301F-11D3-BF4B-00C04F79EFBC}") = "MySelf.MSACommerce.ProductService.Core", "MySelf.MSACommerce.ProductService.Core\MySelf.MSACommerce.ProductService.Core.csproj", "{B841ADF1-8E8E-4C96-A3DE-8A44277F59F5}"
EndProject
Project("{FAE04EC0-301F-11D3-BF4B-00C04F79EFBC}") = "MySelf.MSACommerce.ProductService.HttpApi", "MySelf.MSACommerce.ProductService.HttpApi\MySelf.MSACommerce.ProductService.HttpApi.csproj", "{277B828D-5602-4E84-955A-FA1F64D8AABF}"
EndProject
Project("{FAE04EC0-301F-11D3-BF4B-00C04F79EFBC}") = "MySelf.MSACommerce.ProductService.Infrastructure", "MySelf.MSACommerce.ProductService.Infrastructure\MySelf.MSACommerce.ProductService.Infrastructure.csproj", "{90E24F21-1777-4FDF-85CD-5DF935CC25D3}"
EndProject
Project("{FAE04EC0-301F-11D3-BF4B-00C04F79EFBC}") = "MySelf.MSACommerce.ProductService.UseCases", "MySelf.MSACommerce.ProductService.UseCases\MySelf.MSACommerce.ProductService.UseCases.csproj", "{ACFAEDBD-92B2-4999-822D-CFEEDEC731D6}"
EndProject
Project("{FAE04EC0-301F-11D3-BF4B-00C04F79EFBC}") = "MySelf.MSACommerce.ProductDetailPage", "MySelf.MSACommerce.ProductDetailPage\MySelf.MSACommerce.ProductDetailPage.csproj", "{28FA5AC2-2CB0-40EE-A1D2-052F785EA5C9}"
EndProject
Project("{2150E333-8FDC-42A3-9474-1A3956D46DE8}") = "backgrounds", "backgrounds", "{F4113619-7E39-4106-953E-1893892FA94F}"
EndProject
Project("{2150E333-8FDC-42A3-9474-1A3956D46DE8}") = "tests", "tests", "{F8D3B0ED-E5BD-4565-A8E8-B87E2C7B97C8}"
EndProject
Project("{FAE04EC0-301F-11D3-BF4B-00C04F79EFBC}") = "MySelf.MSACommerce.AppTest", "MySelf.MSACommerce.AppTest\MySelf.MSACommerce.AppTest.csproj", "{6D49E468-D414-44B1-A04F-41D2409108E2}"
EndProject
Project("{FAE04EC0-301F-11D3-BF4B-00C04F79EFBC}") = "MySelf.MSACommerce.ElasticSyncWorker", "MySelf.MSACommerce.ElasticSyncWorker\MySelf.MSACommerce.ElasticSyncWorker.csproj", "{568E3189-B8AD-43CD-BAC6-499E32298461}"
EndProject
Project("{FAE04EC0-301F-11D3-BF4B-00C04F79EFBC}") = "MySelf.MSACommerce.SharedEvent", "MySelf.MSACommerce.SharedEvent\MySelf.MSACommerce.SharedEvent.csproj", "{3C469475-7252-4B05-BA7E-AC197F31B17D}"
EndProject
Project("{FAE04EC0-301F-11D3-BF4B-00C04F79EFBC}") = "MySelf.MSACommerce.StaticPageWorker", "MySelf.MSACommerce.StaticPageWorker\MySelf.MSACommerce.StaticPageWorker.csproj", "{F7693EFC-3C23-49A3-A62C-32C9335E75A7}"
EndProject
Project("{FAE04EC0-301F-11D3-BF4B-00C04F79EFBC}") = "MySelf.MSACommerce.Infrastructure.ElasticSearch", "MySelf.MSACommerce.Infrastructure.ElasticSearch\MySelf.MSACommerce.Infrastructure.ElasticSearch.csproj", "{47D0B6BE-DCF1-426C-84BA-BFE27F2B130F}"
EndProject
Project("{2150E333-8FDC-42A3-9474-1A3956D46DE8}") = "search", "search", "{B4C2B7F6-A104-45E9-B624-CEA25E88575C}"
EndProject
Project("{2150E333-8FDC-42A3-9474-1A3956D46DE8}") = "src", "src", "{48056D71-1747-4636-A48E-432A349EC840}"
EndProject
Project("{FAE04EC0-301F-11D3-BF4B-00C04F79EFBC}") = "MySelf.MSACommerce.SearchService.Core", "MySelf.MSACommerce.SearchService.Core\MySelf.MSACommerce.SearchService.Core.csproj", "{16DFFC0A-D8BE-4AD0-A6A3-33867EE47C8A}"
EndProject
Project("{FAE04EC0-301F-11D3-BF4B-00C04F79EFBC}") = "MySelf.MSACommerce.SearchService.HttpApi", "MySelf.MSACommerce.SearchService.HttpApi\MySelf.MSACommerce.SearchService.HttpApi.csproj", "{2D1155DB-93AA-4311-98EA-F7F546D33190}"
EndProject
Project("{FAE04EC0-301F-11D3-BF4B-00C04F79EFBC}") = "MySefl.MSACommerce.SearchService.Infrastructure", "MySefl.MSACommerce.SearchService.Infrastructure\MySefl.MSACommerce.SearchService.Infrastructure.csproj", "{A802F388-08AE-4F78-A359-D7ED65181256}"
EndProject
Project("{FAE04EC0-301F-11D3-BF4B-00C04F79EFBC}") = "MySelf.MSACommerce.SearchService.UseCases", "MySelf.MSACommerce.SearchService.UseCases\MySelf.MSACommerce.SearchService.UseCases.csproj", "{4A4C3F1F-3EE8-4D18-9DDB-217D6FC9C089}"
EndProject
Project("{FAE04EC0-301F-11D3-BF4B-00C04F79EFBC}") = "MySelf.MSACommerce.Infrastructure.Redis", "MySelf.MSACommerce.Infrastructure.Redis\MySelf.MSACommerce.Infrastructure.Redis.csproj", "{070CCE97-E2B7-480E-AD8F-6F5B2EAD64EF}"
EndProject
Project("{2150E333-8FDC-42A3-9474-1A3956D46DE8}") = "cart", "cart", "{D36DC54A-E205-4FD8-AB57-226F2E877691}"
EndProject
Project("{2150E333-8FDC-42A3-9474-1A3956D46DE8}") = "src", "src", "{A2D79875-C44A-4A09-87F2-B544E7F0F670}"
EndProject
Project("{FAE04EC0-301F-11D3-BF4B-00C04F79EFBC}") = "MySelf.MSACommerce.CartService.Core", "MySelf.MSACommerce.CartService.Core\MySelf.MSACommerce.CartService.Core.csproj", "{BA82476A-4938-4FF5-B2E4-38784F1D2C03}"
EndProject
Project("{FAE04EC0-301F-11D3-BF4B-00C04F79EFBC}") = "MySelf.MSACommerce.CartService.HttpApi", "MySelf.MSACommerce.CartService.HttpApi\MySelf.MSACommerce.CartService.HttpApi.csproj", "{D4A65E6C-4AAE-4AC0-88ED-C956F486AF5B}"
EndProject
Project("{FAE04EC0-301F-11D3-BF4B-00C04F79EFBC}") = "MySelf.MSACommerce.CartService.Infrastructure", "MySelf.MSACommerce.CartService.Infrastructure\MySelf.MSACommerce.CartService.Infrastructure.csproj", "{73EA6493-5C7D-4ADE-8F2B-D4A2BA54B093}"
EndProject
Project("{FAE04EC0-301F-11D3-BF4B-00C04F79EFBC}") = "MySelf.MSACommerce.CartService.UseCases", "MySelf.MSACommerce.CartService.UseCases\MySelf.MSACommerce.CartService.UseCases.csproj", "{E08A21A4-5084-45CE-9458-3DD7B2EAA621}"
EndProject
Global
	GlobalSection(SolutionConfigurationPlatforms) = preSolution
		Debug|Any CPU = Debug|Any CPU
		Release|Any CPU = Release|Any CPU
	EndGlobalSection
	GlobalSection(ProjectConfigurationPlatforms) = postSolution
		{D4639B13-26F3-48D0-AA90-D0BEC4B8CF34}.Debug|Any CPU.ActiveCfg = Debug|Any CPU
		{D4639B13-26F3-48D0-AA90-D0BEC4B8CF34}.Debug|Any CPU.Build.0 = Debug|Any CPU
		{D4639B13-26F3-48D0-AA90-D0BEC4B8CF34}.Release|Any CPU.ActiveCfg = Release|Any CPU
		{D4639B13-26F3-48D0-AA90-D0BEC4B8CF34}.Release|Any CPU.Build.0 = Release|Any CPU
		{59D11662-5482-75F6-6591-B18A52850B68}.Debug|Any CPU.ActiveCfg = Debug|Any CPU
		{59D11662-5482-75F6-6591-B18A52850B68}.Debug|Any CPU.Build.0 = Debug|Any CPU
		{59D11662-5482-75F6-6591-B18A52850B68}.Release|Any CPU.ActiveCfg = Release|Any CPU
		{59D11662-5482-75F6-6591-B18A52850B68}.Release|Any CPU.Build.0 = Release|Any CPU
		{86C4BADC-83CF-4E4B-A9E8-F34BCDFCCC7C}.Debug|Any CPU.ActiveCfg = Debug|Any CPU
		{86C4BADC-83CF-4E4B-A9E8-F34BCDFCCC7C}.Debug|Any CPU.Build.0 = Debug|Any CPU
		{86C4BADC-83CF-4E4B-A9E8-F34BCDFCCC7C}.Release|Any CPU.ActiveCfg = Release|Any CPU
		{86C4BADC-83CF-4E4B-A9E8-F34BCDFCCC7C}.Release|Any CPU.Build.0 = Release|Any CPU
		{08AFF736-D0F0-4306-86D9-3F51CFECD0A7}.Debug|Any CPU.ActiveCfg = Debug|Any CPU
		{08AFF736-D0F0-4306-86D9-3F51CFECD0A7}.Debug|Any CPU.Build.0 = Debug|Any CPU
		{08AFF736-D0F0-4306-86D9-3F51CFECD0A7}.Release|Any CPU.ActiveCfg = Release|Any CPU
		{08AFF736-D0F0-4306-86D9-3F51CFECD0A7}.Release|Any CPU.Build.0 = Release|Any CPU
		{7FD2FC28-7B3E-49E9-724B-E399E376358E}.Debug|Any CPU.ActiveCfg = Debug|Any CPU
		{7FD2FC28-7B3E-49E9-724B-E399E376358E}.Debug|Any CPU.Build.0 = Debug|Any CPU
		{7FD2FC28-7B3E-49E9-724B-E399E376358E}.Release|Any CPU.ActiveCfg = Release|Any CPU
		{7FD2FC28-7B3E-49E9-724B-E399E376358E}.Release|Any CPU.Build.0 = Release|Any CPU
		{05B80B7B-6F0B-949C-7031-4297C301C7BD}.Debug|Any CPU.ActiveCfg = Debug|Any CPU
		{05B80B7B-6F0B-949C-7031-4297C301C7BD}.Debug|Any CPU.Build.0 = Debug|Any CPU
		{05B80B7B-6F0B-949C-7031-4297C301C7BD}.Release|Any CPU.ActiveCfg = Release|Any CPU
		{05B80B7B-6F0B-949C-7031-4297C301C7BD}.Release|Any CPU.Build.0 = Release|Any CPU
		{4C8BDE15-F64C-91CD-BF54-1FF74D1DD06E}.Debug|Any CPU.ActiveCfg = Debug|Any CPU
		{4C8BDE15-F64C-91CD-BF54-1FF74D1DD06E}.Debug|Any CPU.Build.0 = Debug|Any CPU
		{4C8BDE15-F64C-91CD-BF54-1FF74D1DD06E}.Release|Any CPU.ActiveCfg = Release|Any CPU
		{4C8BDE15-F64C-91CD-BF54-1FF74D1DD06E}.Release|Any CPU.Build.0 = Release|Any CPU
		{2281C076-5079-48D6-A109-89BCADBB34CF}.Debug|Any CPU.ActiveCfg = Debug|Any CPU
		{2281C076-5079-48D6-A109-89BCADBB34CF}.Debug|Any CPU.Build.0 = Debug|Any CPU
		{2281C076-5079-48D6-A109-89BCADBB34CF}.Release|Any CPU.ActiveCfg = Release|Any CPU
		{2281C076-5079-48D6-A109-89BCADBB34CF}.Release|Any CPU.Build.0 = Release|Any CPU
		{C4218B74-DEA2-425A-AA28-C0BFD4281C53}.Debug|Any CPU.ActiveCfg = Debug|Any CPU
		{C4218B74-DEA2-425A-AA28-C0BFD4281C53}.Debug|Any CPU.Build.0 = Debug|Any CPU
		{C4218B74-DEA2-425A-AA28-C0BFD4281C53}.Release|Any CPU.ActiveCfg = Release|Any CPU
		{C4218B74-DEA2-425A-AA28-C0BFD4281C53}.Release|Any CPU.Build.0 = Release|Any CPU
		{735E44D0-A6A5-4CD9-9D9F-94EBDB4C2BA8}.Debug|Any CPU.ActiveCfg = Debug|Any CPU
		{735E44D0-A6A5-4CD9-9D9F-94EBDB4C2BA8}.Debug|Any CPU.Build.0 = Debug|Any CPU
		{735E44D0-A6A5-4CD9-9D9F-94EBDB4C2BA8}.Release|Any CPU.ActiveCfg = Release|Any CPU
		{735E44D0-A6A5-4CD9-9D9F-94EBDB4C2BA8}.Release|Any CPU.Build.0 = Release|Any CPU
		{21EE85E3-B8E6-4CF5-8739-7ABDCAD09088}.Debug|Any CPU.ActiveCfg = Debug|Any CPU
		{21EE85E3-B8E6-4CF5-8739-7ABDCAD09088}.Debug|Any CPU.Build.0 = Debug|Any CPU
		{21EE85E3-B8E6-4CF5-8739-7ABDCAD09088}.Release|Any CPU.ActiveCfg = Release|Any CPU
		{21EE85E3-B8E6-4CF5-8739-7ABDCAD09088}.Release|Any CPU.Build.0 = Release|Any CPU
		{8048AD21-B785-4067-8DFB-D7124DA74194}.Debug|Any CPU.ActiveCfg = Debug|Any CPU
		{8048AD21-B785-4067-8DFB-D7124DA74194}.Debug|Any CPU.Build.0 = Debug|Any CPU
		{8048AD21-B785-4067-8DFB-D7124DA74194}.Release|Any CPU.ActiveCfg = Release|Any CPU
		{8048AD21-B785-4067-8DFB-D7124DA74194}.Release|Any CPU.Build.0 = Release|Any CPU
		{096D5125-AD6E-421D-83A6-A3E6A3672D46}.Debug|Any CPU.ActiveCfg = Debug|Any CPU
		{096D5125-AD6E-421D-83A6-A3E6A3672D46}.Debug|Any CPU.Build.0 = Debug|Any CPU
		{096D5125-AD6E-421D-83A6-A3E6A3672D46}.Release|Any CPU.ActiveCfg = Release|Any CPU
		{096D5125-AD6E-421D-83A6-A3E6A3672D46}.Release|Any CPU.Build.0 = Release|Any CPU
		{27BAAFF4-D45F-4FEF-9A92-3340F6EC4F57}.Debug|Any CPU.ActiveCfg = Debug|Any CPU
		{27BAAFF4-D45F-4FEF-9A92-3340F6EC4F57}.Debug|Any CPU.Build.0 = Debug|Any CPU
		{27BAAFF4-D45F-4FEF-9A92-3340F6EC4F57}.Release|Any CPU.ActiveCfg = Release|Any CPU
		{27BAAFF4-D45F-4FEF-9A92-3340F6EC4F57}.Release|Any CPU.Build.0 = Release|Any CPU
		{17E83210-4149-48B0-A74D-BD0AB5A127DA}.Debug|Any CPU.ActiveCfg = Debug|Any CPU
		{17E83210-4149-48B0-A74D-BD0AB5A127DA}.Debug|Any CPU.Build.0 = Debug|Any CPU
		{17E83210-4149-48B0-A74D-BD0AB5A127DA}.Release|Any CPU.ActiveCfg = Release|Any CPU
		{17E83210-4149-48B0-A74D-BD0AB5A127DA}.Release|Any CPU.Build.0 = Release|Any CPU
		{22C1BCBB-5F63-48D6-8D1C-A93867104724}.Debug|Any CPU.ActiveCfg = Debug|Any CPU
		{22C1BCBB-5F63-48D6-8D1C-A93867104724}.Debug|Any CPU.Build.0 = Debug|Any CPU
		{22C1BCBB-5F63-48D6-8D1C-A93867104724}.Release|Any CPU.ActiveCfg = Release|Any CPU
		{22C1BCBB-5F63-48D6-8D1C-A93867104724}.Release|Any CPU.Build.0 = Release|Any CPU
		{EF7242DD-8179-4344-9EEB-E588F68DE384}.Debug|Any CPU.ActiveCfg = Debug|Any CPU
		{EF7242DD-8179-4344-9EEB-E588F68DE384}.Debug|Any CPU.Build.0 = Debug|Any CPU
		{EF7242DD-8179-4344-9EEB-E588F68DE384}.Release|Any CPU.ActiveCfg = Release|Any CPU
		{EF7242DD-8179-4344-9EEB-E588F68DE384}.Release|Any CPU.Build.0 = Release|Any CPU
		{C87FFA77-DCE3-47E2-984A-B4695D8AC9EC}.Debug|Any CPU.ActiveCfg = Debug|Any CPU
		{C87FFA77-DCE3-47E2-984A-B4695D8AC9EC}.Debug|Any CPU.Build.0 = Debug|Any CPU
		{C87FFA77-DCE3-47E2-984A-B4695D8AC9EC}.Release|Any CPU.ActiveCfg = Release|Any CPU
		{C87FFA77-DCE3-47E2-984A-B4695D8AC9EC}.Release|Any CPU.Build.0 = Release|Any CPU
		{88E2CCF9-8A18-469D-85D3-55FE096C77E7}.Debug|Any CPU.ActiveCfg = Debug|Any CPU
		{88E2CCF9-8A18-469D-85D3-55FE096C77E7}.Debug|Any CPU.Build.0 = Debug|Any CPU
		{88E2CCF9-8A18-469D-85D3-55FE096C77E7}.Release|Any CPU.ActiveCfg = Release|Any CPU
		{88E2CCF9-8A18-469D-85D3-55FE096C77E7}.Release|Any CPU.Build.0 = Release|Any CPU
		{11CF72FB-074C-43CB-ABB4-3E0435808D01}.Debug|Any CPU.ActiveCfg = Debug|Any CPU
		{11CF72FB-074C-43CB-ABB4-3E0435808D01}.Debug|Any CPU.Build.0 = Debug|Any CPU
		{11CF72FB-074C-43CB-ABB4-3E0435808D01}.Release|Any CPU.ActiveCfg = Release|Any CPU
		{11CF72FB-074C-43CB-ABB4-3E0435808D01}.Release|Any CPU.Build.0 = Release|Any CPU
		{E952F739-A8F5-4501-B849-143661A5822D}.Debug|Any CPU.ActiveCfg = Debug|Any CPU
		{E952F739-A8F5-4501-B849-143661A5822D}.Debug|Any CPU.Build.0 = Debug|Any CPU
		{E952F739-A8F5-4501-B849-143661A5822D}.Release|Any CPU.ActiveCfg = Release|Any CPU
		{E952F739-A8F5-4501-B849-143661A5822D}.Release|Any CPU.Build.0 = Release|Any CPU
		{F480104E-00D0-44BB-A3D8-D83657C4B915}.Debug|Any CPU.ActiveCfg = Debug|Any CPU
		{F480104E-00D0-44BB-A3D8-D83657C4B915}.Debug|Any CPU.Build.0 = Debug|Any CPU
		{F480104E-00D0-44BB-A3D8-D83657C4B915}.Release|Any CPU.ActiveCfg = Release|Any CPU
		{F480104E-00D0-44BB-A3D8-D83657C4B915}.Release|Any CPU.Build.0 = Release|Any CPU
		{B722BC68-0F42-45AF-B09A-95C7FEDB25F5}.Debug|Any CPU.ActiveCfg = Debug|Any CPU
		{B722BC68-0F42-45AF-B09A-95C7FEDB25F5}.Debug|Any CPU.Build.0 = Debug|Any CPU
		{B722BC68-0F42-45AF-B09A-95C7FEDB25F5}.Release|Any CPU.ActiveCfg = Release|Any CPU
		{B722BC68-0F42-45AF-B09A-95C7FEDB25F5}.Release|Any CPU.Build.0 = Release|Any CPU
		{51701C3F-AC7F-4421-9ABC-4A157C332181}.Debug|Any CPU.ActiveCfg = Debug|Any CPU
		{51701C3F-AC7F-4421-9ABC-4A157C332181}.Debug|Any CPU.Build.0 = Debug|Any CPU
		{51701C3F-AC7F-4421-9ABC-4A157C332181}.Release|Any CPU.ActiveCfg = Release|Any CPU
		{51701C3F-AC7F-4421-9ABC-4A157C332181}.Release|Any CPU.Build.0 = Release|Any CPU
		{B841ADF1-8E8E-4C96-A3DE-8A44277F59F5}.Debug|Any CPU.ActiveCfg = Debug|Any CPU
		{B841ADF1-8E8E-4C96-A3DE-8A44277F59F5}.Debug|Any CPU.Build.0 = Debug|Any CPU
		{B841ADF1-8E8E-4C96-A3DE-8A44277F59F5}.Release|Any CPU.ActiveCfg = Release|Any CPU
		{B841ADF1-8E8E-4C96-A3DE-8A44277F59F5}.Release|Any CPU.Build.0 = Release|Any CPU
		{277B828D-5602-4E84-955A-FA1F64D8AABF}.Debug|Any CPU.ActiveCfg = Debug|Any CPU
		{277B828D-5602-4E84-955A-FA1F64D8AABF}.Debug|Any CPU.Build.0 = Debug|Any CPU
		{277B828D-5602-4E84-955A-FA1F64D8AABF}.Release|Any CPU.ActiveCfg = Release|Any CPU
		{277B828D-5602-4E84-955A-FA1F64D8AABF}.Release|Any CPU.Build.0 = Release|Any CPU
		{90E24F21-1777-4FDF-85CD-5DF935CC25D3}.Debug|Any CPU.ActiveCfg = Debug|Any CPU
		{90E24F21-1777-4FDF-85CD-5DF935CC25D3}.Debug|Any CPU.Build.0 = Debug|Any CPU
		{90E24F21-1777-4FDF-85CD-5DF935CC25D3}.Release|Any CPU.ActiveCfg = Release|Any CPU
		{90E24F21-1777-4FDF-85CD-5DF935CC25D3}.Release|Any CPU.Build.0 = Release|Any CPU
		{ACFAEDBD-92B2-4999-822D-CFEEDEC731D6}.Debug|Any CPU.ActiveCfg = Debug|Any CPU
		{ACFAEDBD-92B2-4999-822D-CFEEDEC731D6}.Debug|Any CPU.Build.0 = Debug|Any CPU
		{ACFAEDBD-92B2-4999-822D-CFEEDEC731D6}.Release|Any CPU.ActiveCfg = Release|Any CPU
		{ACFAEDBD-92B2-4999-822D-CFEEDEC731D6}.Release|Any CPU.Build.0 = Release|Any CPU
		{28FA5AC2-2CB0-40EE-A1D2-052F785EA5C9}.Debug|Any CPU.ActiveCfg = Debug|Any CPU
		{28FA5AC2-2CB0-40EE-A1D2-052F785EA5C9}.Debug|Any CPU.Build.0 = Debug|Any CPU
		{28FA5AC2-2CB0-40EE-A1D2-052F785EA5C9}.Release|Any CPU.ActiveCfg = Release|Any CPU
		{28FA5AC2-2CB0-40EE-A1D2-052F785EA5C9}.Release|Any CPU.Build.0 = Release|Any CPU
		{6D49E468-D414-44B1-A04F-41D2409108E2}.Debug|Any CPU.ActiveCfg = Debug|Any CPU
		{6D49E468-D414-44B1-A04F-41D2409108E2}.Debug|Any CPU.Build.0 = Debug|Any CPU
		{6D49E468-D414-44B1-A04F-41D2409108E2}.Release|Any CPU.ActiveCfg = Release|Any CPU
		{6D49E468-D414-44B1-A04F-41D2409108E2}.Release|Any CPU.Build.0 = Release|Any CPU
		{568E3189-B8AD-43CD-BAC6-499E32298461}.Debug|Any CPU.ActiveCfg = Debug|Any CPU
		{568E3189-B8AD-43CD-BAC6-499E32298461}.Debug|Any CPU.Build.0 = Debug|Any CPU
		{568E3189-B8AD-43CD-BAC6-499E32298461}.Release|Any CPU.ActiveCfg = Release|Any CPU
		{568E3189-B8AD-43CD-BAC6-499E32298461}.Release|Any CPU.Build.0 = Release|Any CPU
		{3C469475-7252-4B05-BA7E-AC197F31B17D}.Debug|Any CPU.ActiveCfg = Debug|Any CPU
		{3C469475-7252-4B05-BA7E-AC197F31B17D}.Debug|Any CPU.Build.0 = Debug|Any CPU
		{3C469475-7252-4B05-BA7E-AC197F31B17D}.Release|Any CPU.ActiveCfg = Release|Any CPU
		{3C469475-7252-4B05-BA7E-AC197F31B17D}.Release|Any CPU.Build.0 = Release|Any CPU
		{F7693EFC-3C23-49A3-A62C-32C9335E75A7}.Debug|Any CPU.ActiveCfg = Debug|Any CPU
		{F7693EFC-3C23-49A3-A62C-32C9335E75A7}.Debug|Any CPU.Build.0 = Debug|Any CPU
		{F7693EFC-3C23-49A3-A62C-32C9335E75A7}.Release|Any CPU.ActiveCfg = Release|Any CPU
		{F7693EFC-3C23-49A3-A62C-32C9335E75A7}.Release|Any CPU.Build.0 = Release|Any CPU
		{47D0B6BE-DCF1-426C-84BA-BFE27F2B130F}.Debug|Any CPU.ActiveCfg = Debug|Any CPU
		{47D0B6BE-DCF1-426C-84BA-BFE27F2B130F}.Debug|Any CPU.Build.0 = Debug|Any CPU
		{47D0B6BE-DCF1-426C-84BA-BFE27F2B130F}.Release|Any CPU.ActiveCfg = Release|Any CPU
		{47D0B6BE-DCF1-426C-84BA-BFE27F2B130F}.Release|Any CPU.Build.0 = Release|Any CPU
		{16DFFC0A-D8BE-4AD0-A6A3-33867EE47C8A}.Debug|Any CPU.ActiveCfg = Debug|Any CPU
		{16DFFC0A-D8BE-4AD0-A6A3-33867EE47C8A}.Debug|Any CPU.Build.0 = Debug|Any CPU
		{16DFFC0A-D8BE-4AD0-A6A3-33867EE47C8A}.Release|Any CPU.ActiveCfg = Release|Any CPU
		{16DFFC0A-D8BE-4AD0-A6A3-33867EE47C8A}.Release|Any CPU.Build.0 = Release|Any CPU
		{2D1155DB-93AA-4311-98EA-F7F546D33190}.Debug|Any CPU.ActiveCfg = Debug|Any CPU
		{2D1155DB-93AA-4311-98EA-F7F546D33190}.Debug|Any CPU.Build.0 = Debug|Any CPU
		{2D1155DB-93AA-4311-98EA-F7F546D33190}.Release|Any CPU.ActiveCfg = Release|Any CPU
		{2D1155DB-93AA-4311-98EA-F7F546D33190}.Release|Any CPU.Build.0 = Release|Any CPU
		{A802F388-08AE-4F78-A359-D7ED65181256}.Debug|Any CPU.ActiveCfg = Debug|Any CPU
		{A802F388-08AE-4F78-A359-D7ED65181256}.Debug|Any CPU.Build.0 = Debug|Any CPU
		{A802F388-08AE-4F78-A359-D7ED65181256}.Release|Any CPU.ActiveCfg = Release|Any CPU
		{A802F388-08AE-4F78-A359-D7ED65181256}.Release|Any CPU.Build.0 = Release|Any CPU
		{4A4C3F1F-3EE8-4D18-9DDB-217D6FC9C089}.Debug|Any CPU.ActiveCfg = Debug|Any CPU
		{4A4C3F1F-3EE8-4D18-9DDB-217D6FC9C089}.Debug|Any CPU.Build.0 = Debug|Any CPU
		{4A4C3F1F-3EE8-4D18-9DDB-217D6FC9C089}.Release|Any CPU.ActiveCfg = Release|Any CPU
		{4A4C3F1F-3EE8-4D18-9DDB-217D6FC9C089}.Release|Any CPU.Build.0 = Release|Any CPU
		{070CCE97-E2B7-480E-AD8F-6F5B2EAD64EF}.Debug|Any CPU.ActiveCfg = Debug|Any CPU
		{070CCE97-E2B7-480E-AD8F-6F5B2EAD64EF}.Debug|Any CPU.Build.0 = Debug|Any CPU
		{070CCE97-E2B7-480E-AD8F-6F5B2EAD64EF}.Release|Any CPU.ActiveCfg = Release|Any CPU
		{070CCE97-E2B7-480E-AD8F-6F5B2EAD64EF}.Release|Any CPU.Build.0 = Release|Any CPU
		{BA82476A-4938-4FF5-B2E4-38784F1D2C03}.Debug|Any CPU.ActiveCfg = Debug|Any CPU
		{BA82476A-4938-4FF5-B2E4-38784F1D2C03}.Debug|Any CPU.Build.0 = Debug|Any CPU
		{BA82476A-4938-4FF5-B2E4-38784F1D2C03}.Release|Any CPU.ActiveCfg = Release|Any CPU
		{BA82476A-4938-4FF5-B2E4-38784F1D2C03}.Release|Any CPU.Build.0 = Release|Any CPU
		{D4A65E6C-4AAE-4AC0-88ED-C956F486AF5B}.Debug|Any CPU.ActiveCfg = Debug|Any CPU
		{D4A65E6C-4AAE-4AC0-88ED-C956F486AF5B}.Debug|Any CPU.Build.0 = Debug|Any CPU
		{D4A65E6C-4AAE-4AC0-88ED-C956F486AF5B}.Release|Any CPU.ActiveCfg = Release|Any CPU
		{D4A65E6C-4AAE-4AC0-88ED-C956F486AF5B}.Release|Any CPU.Build.0 = Release|Any CPU
		{73EA6493-5C7D-4ADE-8F2B-D4A2BA54B093}.Debug|Any CPU.ActiveCfg = Debug|Any CPU
		{73EA6493-5C7D-4ADE-8F2B-D4A2BA54B093}.Debug|Any CPU.Build.0 = Debug|Any CPU
		{73EA6493-5C7D-4ADE-8F2B-D4A2BA54B093}.Release|Any CPU.ActiveCfg = Release|Any CPU
		{73EA6493-5C7D-4ADE-8F2B-D4A2BA54B093}.Release|Any CPU.Build.0 = Release|Any CPU
		{E08A21A4-5084-45CE-9458-3DD7B2EAA621}.Debug|Any CPU.ActiveCfg = Debug|Any CPU
		{E08A21A4-5084-45CE-9458-3DD7B2EAA621}.Debug|Any CPU.Build.0 = Debug|Any CPU
		{E08A21A4-5084-45CE-9458-3DD7B2EAA621}.Release|Any CPU.ActiveCfg = Release|Any CPU
		{E08A21A4-5084-45CE-9458-3DD7B2EAA621}.Release|Any CPU.Build.0 = Release|Any CPU
	EndGlobalSection
	GlobalSection(SolutionProperties) = preSolution
		HideSolutionNode = FALSE
	EndGlobalSection
	GlobalSection(NestedProjects) = preSolution
		{D4639B13-26F3-48D0-AA90-D0BEC4B8CF34} = {7DC331D0-3EC4-40A6-69FB-1CBEB2E0D1EA}
		{59D11662-5482-75F6-6591-B18A52850B68} = {7DC331D0-3EC4-40A6-69FB-1CBEB2E0D1EA}
		{86C4BADC-83CF-4E4B-A9E8-F34BCDFCCC7C} = {7DC331D0-3EC4-40A6-69FB-1CBEB2E0D1EA}
		{08AFF736-D0F0-4306-86D9-3F51CFECD0A7} = {7DC331D0-3EC4-40A6-69FB-1CBEB2E0D1EA}
		{8D8BBC46-62DE-437A-BFDD-C28C95CB3D26} = {369CB01D-A1A7-72D2-AABC-3F0945D148A2}
		{3D180F82-A1FC-43DE-9BEE-ABF6FBAAF916} = {8D8BBC46-62DE-437A-BFDD-C28C95CB3D26}
		{7FD2FC28-7B3E-49E9-724B-E399E376358E} = {3D180F82-A1FC-43DE-9BEE-ABF6FBAAF916}
		{05B80B7B-6F0B-949C-7031-4297C301C7BD} = {3D180F82-A1FC-43DE-9BEE-ABF6FBAAF916}
		{4C8BDE15-F64C-91CD-BF54-1FF74D1DD06E} = {3D180F82-A1FC-43DE-9BEE-ABF6FBAAF916}
		{2281C076-5079-48D6-A109-89BCADBB34CF} = {3D180F82-A1FC-43DE-9BEE-ABF6FBAAF916}
		{C4218B74-DEA2-425A-AA28-C0BFD4281C53} = {02EA681E-C7D8-13C7-8484-4AC65E1B71E8}
		{735E44D0-A6A5-4CD9-9D9F-94EBDB4C2BA8} = {74001750-25EE-4547-AFC5-51176EE5BE26}
		{21EE85E3-B8E6-4CF5-8739-7ABDCAD09088} = {3D8640C7-BD2A-4CC5-8042-2266C4D06A16}
		{8048AD21-B785-4067-8DFB-D7124DA74194} = {3D8640C7-BD2A-4CC5-8042-2266C4D06A16}
		{096D5125-AD6E-421D-83A6-A3E6A3672D46} = {3D8640C7-BD2A-4CC5-8042-2266C4D06A16}
		{27BAAFF4-D45F-4FEF-9A92-3340F6EC4F57} = {02EA681E-C7D8-13C7-8484-4AC65E1B71E8}
		{17E83210-4149-48B0-A74D-BD0AB5A127DA} = {02EA681E-C7D8-13C7-8484-4AC65E1B71E8}
		{212B3625-2B32-4C3F-941A-E1440C95805E} = {369CB01D-A1A7-72D2-AABC-3F0945D148A2}
		{CEF8CD2D-AA01-4716-8488-00A39B154029} = {369CB01D-A1A7-72D2-AABC-3F0945D148A2}
		{A6B051C5-6BC2-46DC-A25F-64E3372654D6} = {212B3625-2B32-4C3F-941A-E1440C95805E}
		{22C1BCBB-5F63-48D6-8D1C-A93867104724} = {A6B051C5-6BC2-46DC-A25F-64E3372654D6}
		{EF7242DD-8179-4344-9EEB-E588F68DE384} = {A6B051C5-6BC2-46DC-A25F-64E3372654D6}
		{C87FFA77-DCE3-47E2-984A-B4695D8AC9EC} = {A6B051C5-6BC2-46DC-A25F-64E3372654D6}
		{88E2CCF9-8A18-469D-85D3-55FE096C77E7} = {A6B051C5-6BC2-46DC-A25F-64E3372654D6}
		{11CF72FB-074C-43CB-ABB4-3E0435808D01} = {7DC331D0-3EC4-40A6-69FB-1CBEB2E0D1EA}
		{7DDD2BBC-7853-4B23-AF56-91CB6D2CE0FF} = {CEF8CD2D-AA01-4716-8488-00A39B154029}
		{E952F739-A8F5-4501-B849-143661A5822D} = {7DDD2BBC-7853-4B23-AF56-91CB6D2CE0FF}
		{F480104E-00D0-44BB-A3D8-D83657C4B915} = {7DDD2BBC-7853-4B23-AF56-91CB6D2CE0FF}
		{B722BC68-0F42-45AF-B09A-95C7FEDB25F5} = {7DDD2BBC-7853-4B23-AF56-91CB6D2CE0FF}
		{51701C3F-AC7F-4421-9ABC-4A157C332181} = {7DDD2BBC-7853-4B23-AF56-91CB6D2CE0FF}
		{22D39FF0-4DED-4639-AD5C-8127831EFC9B} = {369CB01D-A1A7-72D2-AABC-3F0945D148A2}
		{77ED7797-F093-4F03-835E-E09CCB8B9B5E} = {22D39FF0-4DED-4639-AD5C-8127831EFC9B}
		{B841ADF1-8E8E-4C96-A3DE-8A44277F59F5} = {77ED7797-F093-4F03-835E-E09CCB8B9B5E}
		{277B828D-5602-4E84-955A-FA1F64D8AABF} = {77ED7797-F093-4F03-835E-E09CCB8B9B5E}
		{90E24F21-1777-4FDF-85CD-5DF935CC25D3} = {77ED7797-F093-4F03-835E-E09CCB8B9B5E}
		{ACFAEDBD-92B2-4999-822D-CFEEDEC731D6} = {77ED7797-F093-4F03-835E-E09CCB8B9B5E}
		{28FA5AC2-2CB0-40EE-A1D2-052F785EA5C9} = {02EA681E-C7D8-13C7-8484-4AC65E1B71E8}
		{6D49E468-D414-44B1-A04F-41D2409108E2} = {F8D3B0ED-E5BD-4565-A8E8-B87E2C7B97C8}
		{568E3189-B8AD-43CD-BAC6-499E32298461} = {F4113619-7E39-4106-953E-1893892FA94F}
		{3C469475-7252-4B05-BA7E-AC197F31B17D} = {7DC331D0-3EC4-40A6-69FB-1CBEB2E0D1EA}
		{F7693EFC-3C23-49A3-A62C-32C9335E75A7} = {F4113619-7E39-4106-953E-1893892FA94F}
		{47D0B6BE-DCF1-426C-84BA-BFE27F2B130F} = {7DC331D0-3EC4-40A6-69FB-1CBEB2E0D1EA}
		{B4C2B7F6-A104-45E9-B624-CEA25E88575C} = {369CB01D-A1A7-72D2-AABC-3F0945D148A2}
		{48056D71-1747-4636-A48E-432A349EC840} = {B4C2B7F6-A104-45E9-B624-CEA25E88575C}
		{16DFFC0A-D8BE-4AD0-A6A3-33867EE47C8A} = {48056D71-1747-4636-A48E-432A349EC840}
		{2D1155DB-93AA-4311-98EA-F7F546D33190} = {48056D71-1747-4636-A48E-432A349EC840}
		{A802F388-08AE-4F78-A359-D7ED65181256} = {48056D71-1747-4636-A48E-432A349EC840}
		{4A4C3F1F-3EE8-4D18-9DDB-217D6FC9C089} = {48056D71-1747-4636-A48E-432A349EC840}
		{070CCE97-E2B7-480E-AD8F-6F5B2EAD64EF} = {7DC331D0-3EC4-40A6-69FB-1CBEB2E0D1EA}
		{D36DC54A-E205-4FD8-AB57-226F2E877691} = {369CB01D-A1A7-72D2-AABC-3F0945D148A2}
		{A2D79875-C44A-4A09-87F2-B544E7F0F670} = {D36DC54A-E205-4FD8-AB57-226F2E877691}
		{BA82476A-4938-4FF5-B2E4-38784F1D2C03} = {A2D79875-C44A-4A09-87F2-B544E7F0F670}
		{D4A65E6C-4AAE-4AC0-88ED-C956F486AF5B} = {A2D79875-C44A-4A09-87F2-B544E7F0F670}
		{73EA6493-5C7D-4ADE-8F2B-D4A2BA54B093} = {A2D79875-C44A-4A09-87F2-B544E7F0F670}
		{E08A21A4-5084-45CE-9458-3DD7B2EAA621} = {A2D79875-C44A-4A09-87F2-B544E7F0F670}
	EndGlobalSection
	GlobalSection(ExtensibilityGlobals) = postSolution
		SolutionGuid = {0DBAE141-CB67-41DA-B19D-A8B9A61A5FA9}
	EndGlobalSection
EndGlobal
